{
  "name": "@keber/qa-framework",
  "version": "1.11.0",
  "lockfileVersion": 3,
  "requires": true,
  "packages": {
    "": {
      "name": "@keber/qa-framework",
      "version": "1.11.0",
      "hasInstallScript": true,
      "license": "MIT",
      "bin": {
        "qa-framework": "scripts/cli.js"
      },
      "engines": {
        "node": ">=18"
      },
      "peerDependencies": {
        "@keber/ado-qa": ">=1.0.0",
        "@playwright/test": ">=1.40.0"
      },
      "peerDependenciesMeta": {
        "@keber/ado-qa": {
          "optional": true
        },
        "@playwright/test": {
          "optional": true
        }
      }
    }
  }
}
